PODS:
  - device_info_plus (0.0.1):
    - Flutter
  - Flutter (1.0.0)
  - permission_handler_apple (9.3.0):
    - Flutter
  - workmanager (0.0.1):
    - Flutter

DEPENDENCIES:
  - device_info_plus (from `.symlinks/plugins/device_info_plus/ios`)
  - Flutter (from `Flutter`)
  - permission_handler_apple (from `.symlinks/plugins/permission_handler_apple/ios`)
  - workmanager (from `.symlinks/plugins/workmanager/ios`)

EXTERNAL SOURCES:
  device_info_plus:
    :path: ".symlinks/plugins/device_info_plus/ios"
  Flutter:
    :path: Flutter
  permission_handler_apple:
    :path: ".symlinks/plugins/permission_handler_apple/ios"
  workmanager:
    :path: ".symlinks/plugins/workmanager/ios"

SPEC CHECKSUMS:
  device_info_plus: 71ffc6ab7634ade6267c7a93088ed7e4f74e5896
  Flutter: cabc95a1d2626b1b06e7179b784ebcf0c0cde467
  permission_handler_apple: 4ed2196e43d0651e8ff7ca3483a069d469701f2d
  workmanager: 01be2de7f184bd15de93a1812936a2b7f42ef07e

PODFILE CHECKSUM: b2385f24f8c2e2d4d2a46d736b5a023463ac94d6

COCOAPODS: 1.16.2
